
Microsoft Visual Studio Solution File, Format Version 12.00
# Visual Studio Version 16
VisualStudioVersion = 16.0.29519.87
MinimumVisualStudioVersion = 10.0.40219.1
Project("{9A19103F-16F7-4668-BE54-9A1E7A4F7556}") = "PoliciesWebApp", "PoliciesWebApp\PoliciesWebApp.csproj", "{E97DBD99-A38C-4AE3-A0F5-9B6A1481B562}"
EndProject
Project("{FAE04EC0-301F-11D3-BF4B-00C04F79EFBC}") = "PoliciesWebAppTests", "PoliciesWebAppTests\PoliciesWebAppTests.csproj", "{29382E77-DB4C-4F65-B584-323598164C3B}"
EndProject
Global
	GlobalSection(SolutionConfigurationPlatforms) = preSolution
		Debug|Any CPU = Debug|Any CPU
		Release|Any CPU = Release|Any CPU
	EndGlobalSection
	GlobalSection(ProjectConfigurationPlatforms) = postSolution
		{E97DBD99-A38C-4AE3-A0F5-9B6A1481B562}.Debug|Any CPU.ActiveCfg = Debug|Any CPU
		{E97DBD99-A38C-4AE3-A0F5-9B6A1481B562}.Debug|Any CPU.Build.0 = Debug|Any CPU
		{E97DBD99-A38C-4AE3-A0F5-9B6A1481B562}.Release|Any CPU.ActiveCfg = Release|Any CPU
		{E97DBD99-A38C-4AE3-A0F5-9B6A1481B562}.Release|Any CPU.Build.0 = Release|Any CPU
		{29382E77-DB4C-4F65-B584-323598164C3B}.Debug|Any CPU.ActiveCfg = Debug|Any CPU
		{29382E77-DB4C-4F65-B584-323598164C3B}.Debug|Any CPU.Build.0 = Debug|Any CPU
		{29382E77-DB4C-4F65-B584-323598164C3B}.Release|Any CPU.ActiveCfg = Release|Any CPU
		{29382E77-DB4C-4F65-B584-323598164C3B}.Release|Any CPU.Build.0 = Release|Any CPU
	EndGlobalSection
	GlobalSection(SolutionProperties) = preSolution
		HideSolutionNode = FALSE
	EndGlobalSection
	GlobalSection(ExtensibilityGlobals) = postSolution
		SolutionGuid = {6D90D286-DFB7-4AC5-ABE3-40E0E1534E71}
	EndGlobalSection
EndGlobal
